
Microsoft Visual Studio Solution File, Format Version 12.00
# Visual Studio Version 16
VisualStudioVersion = 25.0.1703.4
MinimumVisualStudioVersion = 10.0.40219.1
Project("{FAE04EC0-301F-11D3-BF4B-00C04F79EFBC}") = "ApplicationDev", "ApplicationDev\ApplicationDev.csproj", "{66C7EF01-4F28-47EE-AD09-2FE24B854C62}"
EndProject
Project("{FAE04EC0-301F-11D3-BF4B-00C04F79EFBC}") = "VariableDrive.cs", "ApplicationDev2\VariableDrive.cs.csproj", "{3909AF5C-FABF-47C3-BA48-94ABB04E4118}"
EndProject
Project("{FAE04EC0-301F-11D3-BF4B-00C04F79EFBC}") = "ConsoleApp", "ConsoleApp\ConsoleApp.csproj", "{89ECF8F6-46A0-4FF8-8EA1-2538585385D4}"
EndProject
Global
	GlobalSection(SolutionConfigurationPlatforms) = preSolution
		Debug|Any CPU = Debug|Any CPU
		Release|Any CPU = Release|Any CPU
	EndGlobalSection
	GlobalSection(ProjectConfigurationPlatforms) = postSolution
		{66C7EF01-4F28-47EE-AD09-2FE24B854C62}.Debug|Any CPU.ActiveCfg = Debug|Any CPU
		{66C7EF01-4F28-47EE-AD09-2FE24B854C62}.Debug|Any CPU.Build.0 = Debug|Any CPU
		{66C7EF01-4F28-47EE-AD09-2FE24B854C62}.Release|Any CPU.ActiveCfg = Release|Any CPU
		{66C7EF01-4F28-47EE-AD09-2FE24B854C62}.Release|Any CPU.Build.0 = Release|Any CPU
		{3909AF5C-FABF-47C3-BA48-94ABB04E4118}.Debug|Any CPU.ActiveCfg = Debug|Any CPU
		{3909AF5C-FABF-47C3-BA48-94ABB04E4118}.Debug|Any CPU.Build.0 = Debug|Any CPU
		{3909AF5C-FABF-47C3-BA48-94ABB04E4118}.Release|Any CPU.ActiveCfg = Release|Any CPU
		{3909AF5C-FABF-47C3-BA48-94ABB04E4118}.Release|Any CPU.Build.0 = Release|Any CPU
		{89ECF8F6-46A0-4FF8-8EA1-2538585385D4}.Debug|Any CPU.ActiveCfg = Debug|Any CPU
		{89ECF8F6-46A0-4FF8-8EA1-2538585385D4}.Debug|Any CPU.Build.0 = Debug|Any CPU
		{89ECF8F6-46A0-4FF8-8EA1-2538585385D4}.Release|Any CPU.ActiveCfg = Release|Any CPU
		{89ECF8F6-46A0-4FF8-8EA1-2538585385D4}.Release|Any CPU.Build.0 = Release|Any CPU
	EndGlobalSection
	GlobalSection(SolutionProperties) = preSolution
		HideSolutionNode = FALSE
	EndGlobalSection
	GlobalSection(ExtensibilityGlobals) = postSolution
		SolutionGuid = {63BA574C-B46D-4665-A998-B70B730DF78D}
	EndGlobalSection
EndGlobal
